
Microsoft Visual Studio Solution File, Format Version 12.00
Project("{FAE04EC0-301F-11D3-BF4B-00C04F79EFBC}") = "FactoryMethod", "FactoryMethod\FactoryMethod.csproj", "{A26418B9-8C14-4841-9F52-6485E659D862}"
EndProject
Project("{FAE04EC0-301F-11D3-BF4B-00C04F79EFBC}") = "AbstractFactory", "AbstractFactory\AbstractFactory.csproj", "{3D7FE154-0D52-4992-8CA2-5A1949C8BE2E}"
EndProject
Project("{FAE04EC0-301F-11D3-BF4B-00C04F79EFBC}") = "Singleton", "Singleton\Singleton.csproj", "{AA8C829A-F1EA-4871-BFFD-160DAA5D32A6}"
EndProject
Project("{FAE04EC0-301F-11D3-BF4B-00C04F79EFBC}") = "Builder", "Builder\Builder.csproj", "{F1E01B42-B9F6-4549-970E-0004572983C8}"
EndProject
Global
	GlobalSection(SolutionConfigurationPlatforms) = preSolution
		Debug|Any CPU = Debug|Any CPU
		Release|Any CPU = Release|Any CPU
	EndGlobalSection
	GlobalSection(ProjectConfigurationPlatforms) = postSolution
		{A26418B9-8C14-4841-9F52-6485E659D862}.Debug|Any CPU.ActiveCfg = Debug|Any CPU
		{A26418B9-8C14-4841-9F52-6485E659D862}.Debug|Any CPU.Build.0 = Debug|Any CPU
		{A26418B9-8C14-4841-9F52-6485E659D862}.Release|Any CPU.ActiveCfg = Release|Any CPU
		{A26418B9-8C14-4841-9F52-6485E659D862}.Release|Any CPU.Build.0 = Release|Any CPU
		{3D7FE154-0D52-4992-8CA2-5A1949C8BE2E}.Debug|Any CPU.ActiveCfg = Debug|Any CPU
		{3D7FE154-0D52-4992-8CA2-5A1949C8BE2E}.Debug|Any CPU.Build.0 = Debug|Any CPU
		{3D7FE154-0D52-4992-8CA2-5A1949C8BE2E}.Release|Any CPU.ActiveCfg = Release|Any CPU
		{3D7FE154-0D52-4992-8CA2-5A1949C8BE2E}.Release|Any CPU.Build.0 = Release|Any CPU
		{AA8C829A-F1EA-4871-BFFD-160DAA5D32A6}.Debug|Any CPU.ActiveCfg = Debug|Any CPU
		{AA8C829A-F1EA-4871-BFFD-160DAA5D32A6}.Debug|Any CPU.Build.0 = Debug|Any CPU
		{AA8C829A-F1EA-4871-BFFD-160DAA5D32A6}.Release|Any CPU.ActiveCfg = Release|Any CPU
		{AA8C829A-F1EA-4871-BFFD-160DAA5D32A6}.Release|Any CPU.Build.0 = Release|Any CPU
		{F1E01B42-B9F6-4549-970E-0004572983C8}.Debug|Any CPU.ActiveCfg = Debug|Any CPU
		{F1E01B42-B9F6-4549-970E-0004572983C8}.Debug|Any CPU.Build.0 = Debug|Any CPU
		{F1E01B42-B9F6-4549-970E-0004572983C8}.Release|Any CPU.ActiveCfg = Release|Any CPU
		{F1E01B42-B9F6-4549-970E-0004572983C8}.Release|Any CPU.Build.0 = Release|Any CPU
	EndGlobalSection
EndGlobal
